<?xml version="1.0" encoding="UTF-8" standalone="yes" ?>
<CodeBlocks_project_file>
	<FileVersion major="1" minor="6" />
	<Project>
		<Option title="ProjectMaze" />
		<Option pch_mode="2" />
		<Option compiler="gcc" />
		<Option virtualFolders="PRM_DT\;" />
		<Build>
			<Target title="Debug">
				<Option output="bin/Debug/ProjectMaze" prefix_auto="1" extension_auto="1" />
				<Option object_output="obj/Debug/" />
				<Option type="1" />
				<Option compiler="gcc" />
				<Compiler>
					<Add option="-g" />
				</Compiler>
			</Target>
			<Target title="Release">
				<Option output="bin/Release/ProjectMaze" prefix_auto="1" extension_auto="1" />
				<Option object_output="obj/Release/" />
				<Option type="1" />
				<Option compiler="gcc" />
				<Compiler>
					<Add option="-O2" />
				</Compiler>
				<Linker>
					<Add option="-s" />
				</Linker>
			</Target>
		</Build>
		<Compiler>
			<Add option="-Wall" />
		</Compiler>
		<Unit filename="PRM_Core/GreatLoop.cpp" />
		<Unit filename="PRM_Core/Input.cpp" />
		<Unit filename="PRM_Core/Render.cpp" />
		<Unit filename="PRM_Core/Update.cpp" />
		<Unit filename="PRM_Core/c_GreatLoop" />
		<Unit filename="PRM_Core/c_Input" />
		<Unit filename="PRM_Core/c_Render" />
		<Unit filename="PRM_Core/c_Update" />
		<Unit filename="PRM_Core/main.cpp" />
		<Unit filename="PRM_DT/c_Container__dt.cpp">
			<Option virtualFolder="PRM_DT/" />
		</Unit>
		<Unit filename="PRM_DT/c_GreatLoop___dt.cpp">
			<Option virtualFolder="PRM_DT/" />
		</Unit>
		<Unit filename="PRM_DT/c_maze__dt.cpp">
			<Option virtualFolder="PRM_DT/" />
		</Unit>
		<Unit filename="PRM_DT/c_room__dt.cpp">
			<Option virtualFolder="PRM_DT/" />
		</Unit>
		<Unit filename="PRM_DT/dzialanieProgramu__dt.cpp">
			<Option virtualFolder="PRM_DT/" />
		</Unit>
		<Unit filename="PRM_Objects/c_Obstacle" />
		<Unit filename="PRM_Objects/c_Obstacle.cpp" />
		<Unit filename="PRM_Objects/c_Player" />
		<Unit filename="PRM_Objects/c_Player.cpp" />
		<Unit filename="PRM_Objects/c_Unit" />
		<Unit filename="PRM_Objects/c_Unit.cpp" />
		<Unit filename="c_Container" />
		<Unit filename="c_Container.cpp" />
		<Unit filename="c_ContainerRecord" />
		<Unit filename="c_ContainerRecord.cpp" />
		<Unit filename="c_maze" />
		<Unit filename="c_maze.cpp" />
		<Unit filename="c_menu" />
		<Unit filename="c_menu.cpp" />
		<Unit filename="c_room" />
		<Unit filename="c_room.cpp" />
		<Unit filename="u_ProjectUtilities" />
		<Unit filename="u_ProjectUtilities.cpp" />
		<Extensions>
			<code_completion />
			<envvars />
			<debugger />
			<lib_finder disable_auto="1" />
		</Extensions>
	</Project>
</CodeBlocks_project_file>
